
Microsoft Visual Studio Solution File, Format Version 12.00
# Visual Studio 14
VisualStudioVersion = 14.0.25420.1
MinimumVisualStudioVersion = 10.0.40219.1
Project("{FAE04EC0-301F-11D3-BF4B-00C04F79EFBC}") = "MediatRFun", "MediatRFun\MediatRFun.csproj", "{CAEDB2DD-1EFF-49CA-830D-9A4A6C1B4622}"
EndProject
Project("{FAE04EC0-301F-11D3-BF4B-00C04F79EFBC}") = "MediatR.Pipeline", "MediatR.Pipeline\MediatR.Pipeline.csproj", "{A1CB5C8B-51B9-40B2-9E61-64924BB9E51A}"
EndProject
Project("{FAE04EC0-301F-11D3-BF4B-00C04F79EFBC}") = "MediatR.Ninject", "MediatR.Ninject\MediatR.Ninject.csproj", "{93516A53-5BCF-4B09-985D-F59B2D1EF1DC}"
EndProject
Project("{FAE04EC0-301F-11D3-BF4B-00C04F79EFBC}") = "MediatR.DomainEvents", "MediatR.DomainEvents\MediatR.DomainEvents.csproj", "{7FD6965C-CF69-47DD-81B6-4882B4404D76}"
EndProject
Global
	GlobalSection(SolutionConfigurationPlatforms) = preSolution
		Debug|Any CPU = Debug|Any CPU
		Release|Any CPU = Release|Any CPU
	EndGlobalSection
	GlobalSection(ProjectConfigurationPlatforms) = postSolution
		{CAEDB2DD-1EFF-49CA-830D-9A4A6C1B4622}.Debug|Any CPU.ActiveCfg = Debug|Any CPU
		{CAEDB2DD-1EFF-49CA-830D-9A4A6C1B4622}.Debug|Any CPU.Build.0 = Debug|Any CPU
		{CAEDB2DD-1EFF-49CA-830D-9A4A6C1B4622}.Release|Any CPU.ActiveCfg = Release|Any CPU
		{CAEDB2DD-1EFF-49CA-830D-9A4A6C1B4622}.Release|Any CPU.Build.0 = Release|Any CPU
		{A1CB5C8B-51B9-40B2-9E61-64924BB9E51A}.Debug|Any CPU.ActiveCfg = Debug|Any CPU
		{A1CB5C8B-51B9-40B2-9E61-64924BB9E51A}.Debug|Any CPU.Build.0 = Debug|Any CPU
		{A1CB5C8B-51B9-40B2-9E61-64924BB9E51A}.Release|Any CPU.ActiveCfg = Release|Any CPU
		{A1CB5C8B-51B9-40B2-9E61-64924BB9E51A}.Release|Any CPU.Build.0 = Release|Any CPU
		{93516A53-5BCF-4B09-985D-F59B2D1EF1DC}.Debug|Any CPU.ActiveCfg = Debug|Any CPU
		{93516A53-5BCF-4B09-985D-F59B2D1EF1DC}.Debug|Any CPU.Build.0 = Debug|Any CPU
		{93516A53-5BCF-4B09-985D-F59B2D1EF1DC}.Release|Any CPU.ActiveCfg = Release|Any CPU
		{93516A53-5BCF-4B09-985D-F59B2D1EF1DC}.Release|Any CPU.Build.0 = Release|Any CPU
		{7FD6965C-CF69-47DD-81B6-4882B4404D76}.Debug|Any CPU.ActiveCfg = Debug|Any CPU
		{7FD6965C-CF69-47DD-81B6-4882B4404D76}.Debug|Any CPU.Build.0 = Debug|Any CPU
		{7FD6965C-CF69-47DD-81B6-4882B4404D76}.Release|Any CPU.ActiveCfg = Release|Any CPU
		{7FD6965C-CF69-47DD-81B6-4882B4404D76}.Release|Any CPU.Build.0 = Release|Any CPU
	EndGlobalSection
	GlobalSection(SolutionProperties) = preSolution
		HideSolutionNode = FALSE
	EndGlobalSection
EndGlobal
